
Microsoft Visual Studio Solution File, Format Version 12.00
# Visual Studio Version 16
VisualStudioVersion = 16.0.32106.194
MinimumVisualStudioVersion = 10.0.40219.1
Project("{FAE04EC0-301F-11D3-BF4B-00C04F79EFBC}") = "Entities", "Entities\Entities.csproj", "{2813F904-505C-4C29-B54D-923BAFAC04CE}"
EndProject
Project("{FAE04EC0-301F-11D3-BF4B-00C04F79EFBC}") = "DataAccess", "DataAccess\DataAccess.csproj", "{6822E992-91C8-4B5E-B802-1B154F343523}"
EndProject
Project("{FAE04EC0-301F-11D3-BF4B-00C04F79EFBC}") = "FormUİ", "FormUİ\FormUİ.csproj", "{F46E08C2-C398-4E88-A5D3-746490B8892C}"
EndProject
Global
	GlobalSection(SolutionConfigurationPlatforms) = preSolution
		Debug|Any CPU = Debug|Any CPU
		Release|Any CPU = Release|Any CPU
	EndGlobalSection
	GlobalSection(ProjectConfigurationPlatforms) = postSolution
		{2813F904-505C-4C29-B54D-923BAFAC04CE}.Debug|Any CPU.ActiveCfg = Debug|Any CPU
		{2813F904-505C-4C29-B54D-923BAFAC04CE}.Debug|Any CPU.Build.0 = Debug|Any CPU
		{2813F904-505C-4C29-B54D-923BAFAC04CE}.Release|Any CPU.ActiveCfg = Release|Any CPU
		{2813F904-505C-4C29-B54D-923BAFAC04CE}.Release|Any CPU.Build.0 = Release|Any CPU
		{6822E992-91C8-4B5E-B802-1B154F343523}.Debug|Any CPU.ActiveCfg = Debug|Any CPU
		{6822E992-91C8-4B5E-B802-1B154F343523}.Debug|Any CPU.Build.0 = Debug|Any CPU
		{6822E992-91C8-4B5E-B802-1B154F343523}.Release|Any CPU.ActiveCfg = Release|Any CPU
		{6822E992-91C8-4B5E-B802-1B154F343523}.Release|Any CPU.Build.0 = Release|Any CPU
		{F46E08C2-C398-4E88-A5D3-746490B8892C}.Debug|Any CPU.ActiveCfg = Debug|Any CPU
		{F46E08C2-C398-4E88-A5D3-746490B8892C}.Debug|Any CPU.Build.0 = Debug|Any CPU
		{F46E08C2-C398-4E88-A5D3-746490B8892C}.Release|Any CPU.ActiveCfg = Release|Any CPU
		{F46E08C2-C398-4E88-A5D3-746490B8892C}.Release|Any CPU.Build.0 = Release|Any CPU
	EndGlobalSection
	GlobalSection(SolutionProperties) = preSolution
		HideSolutionNode = FALSE
	EndGlobalSection
	GlobalSection(ExtensibilityGlobals) = postSolution
		SolutionGuid = {CD2DAFA1-4882-4CCB-9501-BF76F713B019}
	EndGlobalSection
EndGlobal
